
Microsoft Visual Studio Solution File, Format Version 12.00
# Visual Studio Version 17
VisualStudioVersion = 17.13.35913.81 d17.13
MinimumVisualStudioVersion = 10.0.40219.1
Project("{FAE04EC0-301F-11D3-BF4B-00C04F79EFBC}") = "ReportHub.API", "ReportHub.API\ReportHub.API.csproj", "{93AC9AE8-58EA-4040-B18F-9179F936668A}"
EndProject
Project("{FAE04EC0-301F-11D3-BF4B-00C04F79EFBC}") = "ReportHub.Application", "ReportHub.Application\ReportHub.Application.csproj", "{432B3DDB-330E-45CA-A1A7-3A2CEF6CC16F}"
EndProject
Project("{FAE04EC0-301F-11D3-BF4B-00C04F79EFBC}") = "ReportHub.Domain", "ReportHub.Domain\ReportHub.Domain.csproj", "{32EA2CCD-33A8-49D4-A151-6C5D2F63FA70}"
EndProject
Project("{FAE04EC0-301F-11D3-BF4B-00C04F79EFBC}") = "ReportHub.Infrastructure", "ReportHub.Infrastructure\ReportHub.Infrastructure.csproj", "{59303E3D-E759-42A0-9A1C-BF11068791C5}"
EndProject
Project("{E53339B2-1760-4266-BCC7-CA923CBCF16C}") = "docker-compose", "docker-compose.dcproj", "{81DDED9D-158B-E303-5F62-77A2896D2A5A}"
EndProject
Global
	GlobalSection(SolutionConfigurationPlatforms) = preSolution
		Debug|Any CPU = Debug|Any CPU
		Release|Any CPU = Release|Any CPU
	EndGlobalSection
	GlobalSection(ProjectConfigurationPlatforms) = postSolution
		{93AC9AE8-58EA-4040-B18F-9179F936668A}.Debug|Any CPU.ActiveCfg = Debug|Any CPU
		{93AC9AE8-58EA-4040-B18F-9179F936668A}.Debug|Any CPU.Build.0 = Debug|Any CPU
		{93AC9AE8-58EA-4040-B18F-9179F936668A}.Release|Any CPU.ActiveCfg = Release|Any CPU
		{93AC9AE8-58EA-4040-B18F-9179F936668A}.Release|Any CPU.Build.0 = Release|Any CPU
		{432B3DDB-330E-45CA-A1A7-3A2CEF6CC16F}.Debug|Any CPU.ActiveCfg = Debug|Any CPU
		{432B3DDB-330E-45CA-A1A7-3A2CEF6CC16F}.Debug|Any CPU.Build.0 = Debug|Any CPU
		{432B3DDB-330E-45CA-A1A7-3A2CEF6CC16F}.Release|Any CPU.ActiveCfg = Release|Any CPU
		{432B3DDB-330E-45CA-A1A7-3A2CEF6CC16F}.Release|Any CPU.Build.0 = Release|Any CPU
		{32EA2CCD-33A8-49D4-A151-6C5D2F63FA70}.Debug|Any CPU.ActiveCfg = Debug|Any CPU
		{32EA2CCD-33A8-49D4-A151-6C5D2F63FA70}.Debug|Any CPU.Build.0 = Debug|Any CPU
		{32EA2CCD-33A8-49D4-A151-6C5D2F63FA70}.Release|Any CPU.ActiveCfg = Release|Any CPU
		{32EA2CCD-33A8-49D4-A151-6C5D2F63FA70}.Release|Any CPU.Build.0 = Release|Any CPU
		{59303E3D-E759-42A0-9A1C-BF11068791C5}.Debug|Any CPU.ActiveCfg = Debug|Any CPU
		{59303E3D-E759-42A0-9A1C-BF11068791C5}.Debug|Any CPU.Build.0 = Debug|Any CPU
		{59303E3D-E759-42A0-9A1C-BF11068791C5}.Release|Any CPU.ActiveCfg = Release|Any CPU
		{59303E3D-E759-42A0-9A1C-BF11068791C5}.Release|Any CPU.Build.0 = Release|Any CPU
		{81DDED9D-158B-E303-5F62-77A2896D2A5A}.Debug|Any CPU.ActiveCfg = Debug|Any CPU
		{81DDED9D-158B-E303-5F62-77A2896D2A5A}.Debug|Any CPU.Build.0 = Debug|Any CPU
		{81DDED9D-158B-E303-5F62-77A2896D2A5A}.Release|Any CPU.ActiveCfg = Release|Any CPU
		{81DDED9D-158B-E303-5F62-77A2896D2A5A}.Release|Any CPU.Build.0 = Release|Any CPU
	EndGlobalSection
	GlobalSection(SolutionProperties) = preSolution
		HideSolutionNode = FALSE
	EndGlobalSection
	GlobalSection(ExtensibilityGlobals) = postSolution
		SolutionGuid = {757A38BB-B011-4E56-A2E8-208F2EA18B63}
	EndGlobalSection
EndGlobal
